
Microsoft Visual Studio Solution File, Format Version 12.00
# Visual Studio Version 16
VisualStudioVersion = 16.0.31624.102
MinimumVisualStudioVersion = 10.0.40219.1
Project("{FAE04EC0-301F-11D3-BF4B-00C04F79EFBC}") = "Login", "Login\Login.csproj", "{6C34F8C4-663E-4F73-BB82-FAB019B2570E}"
EndProject
Global
	GlobalSection(SolutionConfigurationPlatforms) = preSolution
		Debug|Any CPU = Debug|Any CPU
		Release|Any CPU = Release|Any CPU
	EndGlobalSection
	GlobalSection(ProjectConfigurationPlatforms) = postSolution
		{6C34F8C4-663E-4F73-BB82-FAB019B2570E}.Debug|Any CPU.ActiveCfg = Debug|Any CPU
		{6C34F8C4-663E-4F73-BB82-FAB019B2570E}.Debug|Any CPU.Build.0 = Debug|Any CPU
		{6C34F8C4-663E-4F73-BB82-FAB019B2570E}.Release|Any CPU.ActiveCfg = Release|Any CPU
		{6C34F8C4-663E-4F73-BB82-FAB019B2570E}.Release|Any CPU.Build.0 = Release|Any CPU
	EndGlobalSection
	GlobalSection(SolutionProperties) = preSolution
		HideSolutionNode = FALSE
	EndGlobalSection
	GlobalSection(ExtensibilityGlobals) = postSolution
		SolutionGuid = {1AB7549D-DD4B-46EF-A31A-D5C2984B840E}
	EndGlobalSection
EndGlobal
